
Microsoft Visual Studio Solution File, Format Version 10.00
# Visual Studio 2008
Project("{FAE04EC0-301F-11D3-BF4B-00C04F79EFBC}") = "exploiter", "exploiter\exploiter.csproj", "{24DFDC0C-9A84-4DFB-894E-ED44FDD37EE8}"
	ProjectSection(ProjectDependencies) = postProject
		{B0875BDE-8184-4917-A28B-D9301773A740} = {B0875BDE-8184-4917-A28B-D9301773A740}
	EndProjectSection
EndProject
Project("{8BC9CEB8-8B4A-11D0-8D11-00A0C91BC942}") = "nativeapp", "nativeapp\nativeapp.vcproj", "{B0875BDE-8184-4917-A28B-D9301773A740}"
	ProjectSection(ProjectDependencies) = postProject
		{D1F098E8-CCD5-4EF7-AF0A-63DBCBE37105} = {D1F098E8-CCD5-4EF7-AF0A-63DBCBE37105}
		{2CE2259F-0A55-4A86-BE9C-2933182DA59F} = {2CE2259F-0A55-4A86-BE9C-2933182DA59F}
		{0E575A86-225A-4B52-B6A4-6403B9381D27} = {0E575A86-225A-4B52-B6A4-6403B9381D27}
		{5F95CDBB-5D78-4A10-8C08-C92B40938E88} = {5F95CDBB-5D78-4A10-8C08-C92B40938E88}
		{DDE2B6D2-7C9A-4D86-9A82-7AE6C3D43A41} = {DDE2B6D2-7C9A-4D86-9A82-7AE6C3D43A41}
		{0B3F8170-3A8D-4BD7-9D61-21BB83D98A30} = {0B3F8170-3A8D-4BD7-9D61-21BB83D98A30}
		{3B6687A0-7264-4F80-BB54-E7A7B96F48B7} = {3B6687A0-7264-4F80-BB54-E7A7B96F48B7}
	EndProjectSection
EndProject
Project("{8BC9CEB8-8B4A-11D0-8D11-00A0C91BC942}") = "bearssl_base", "nativeapp\bearssl\bearssl_base.vcproj", "{D1F098E8-CCD5-4EF7-AF0A-63DBCBE37105}"
EndProject
Project("{8BC9CEB8-8B4A-11D0-8D11-00A0C91BC942}") = "bearssl_ec", "nativeapp\bearssl\bearssl_ec.vcproj", "{2CE2259F-0A55-4A86-BE9C-2933182DA59F}"
EndProject
Project("{8BC9CEB8-8B4A-11D0-8D11-00A0C91BC942}") = "bearssl_int", "nativeapp\bearssl\bearssl_int.vcproj", "{0E575A86-225A-4B52-B6A4-6403B9381D27}"
EndProject
Project("{8BC9CEB8-8B4A-11D0-8D11-00A0C91BC942}") = "bearssl_rsa", "nativeapp\bearssl\bearssl_rsa.vcproj", "{5F95CDBB-5D78-4A10-8C08-C92B40938E88}"
EndProject
Project("{8BC9CEB8-8B4A-11D0-8D11-00A0C91BC942}") = "bearssl_ssl", "nativeapp\bearssl\bearssl_ssl.vcproj", "{DDE2B6D2-7C9A-4D86-9A82-7AE6C3D43A41}"
EndProject
Project("{8BC9CEB8-8B4A-11D0-8D11-00A0C91BC942}") = "bearssl_symcipher", "nativeapp\bearssl\bearssl_symcipher.vcproj", "{0B3F8170-3A8D-4BD7-9D61-21BB83D98A30}"
EndProject
Project("{8BC9CEB8-8B4A-11D0-8D11-00A0C91BC942}") = "bearssl_x509", "nativeapp\bearssl\bearssl_x509.vcproj", "{3B6687A0-7264-4F80-BB54-E7A7B96F48B7}"
EndProject
Global
	GlobalSection(SolutionConfigurationPlatforms) = preSolution
		Debug|Mixed Platforms = Debug|Mixed Platforms
		Debug|OpenZDK (ARMV4I) = Debug|OpenZDK (ARMV4I)
		Debug|Zune = Debug|Zune
		Release|Mixed Platforms = Release|Mixed Platforms
		Release|OpenZDK (ARMV4I) = Release|OpenZDK (ARMV4I)
		Release|Zune = Release|Zune
	EndGlobalSection
	GlobalSection(ProjectConfigurationPlatforms) = postSolution
		{24DFDC0C-9A84-4DFB-894E-ED44FDD37EE8}.Debug|Mixed Platforms.ActiveCfg = Debug|Zune
		{24DFDC0C-9A84-4DFB-894E-ED44FDD37EE8}.Debug|Mixed Platforms.Build.0 = Debug|Zune
		{24DFDC0C-9A84-4DFB-894E-ED44FDD37EE8}.Debug|Mixed Platforms.Deploy.0 = Debug|Zune
		{24DFDC0C-9A84-4DFB-894E-ED44FDD37EE8}.Debug|OpenZDK (ARMV4I).ActiveCfg = Debug|Zune
		{24DFDC0C-9A84-4DFB-894E-ED44FDD37EE8}.Debug|OpenZDK (ARMV4I).Build.0 = Debug|Zune
		{24DFDC0C-9A84-4DFB-894E-ED44FDD37EE8}.Debug|OpenZDK (ARMV4I).Deploy.0 = Debug|Zune
		{24DFDC0C-9A84-4DFB-894E-ED44FDD37EE8}.Debug|Zune.ActiveCfg = Debug|Zune
		{24DFDC0C-9A84-4DFB-894E-ED44FDD37EE8}.Debug|Zune.Build.0 = Debug|Zune
		{24DFDC0C-9A84-4DFB-894E-ED44FDD37EE8}.Debug|Zune.Deploy.0 = Debug|Zune
		{24DFDC0C-9A84-4DFB-894E-ED44FDD37EE8}.Release|Mixed Platforms.ActiveCfg = Release|Zune
		{24DFDC0C-9A84-4DFB-894E-ED44FDD37EE8}.Release|Mixed Platforms.Build.0 = Release|Zune
		{24DFDC0C-9A84-4DFB-894E-ED44FDD37EE8}.Release|Mixed Platforms.Deploy.0 = Release|Zune
		{24DFDC0C-9A84-4DFB-894E-ED44FDD37EE8}.Release|OpenZDK (ARMV4I).ActiveCfg = Release|Zune
		{24DFDC0C-9A84-4DFB-894E-ED44FDD37EE8}.Release|OpenZDK (ARMV4I).Build.0 = Release|Zune
		{24DFDC0C-9A84-4DFB-894E-ED44FDD37EE8}.Release|OpenZDK (ARMV4I).Deploy.0 = Release|Zune
		{24DFDC0C-9A84-4DFB-894E-ED44FDD37EE8}.Release|Zune.ActiveCfg = Release|Zune
		{24DFDC0C-9A84-4DFB-894E-ED44FDD37EE8}.Release|Zune.Build.0 = Release|Zune
		{24DFDC0C-9A84-4DFB-894E-ED44FDD37EE8}.Release|Zune.Deploy.0 = Release|Zune
		{B0875BDE-8184-4917-A28B-D9301773A740}.Debug|Mixed Platforms.ActiveCfg = Debug|OpenZDK (ARMV4I)
		{B0875BDE-8184-4917-A28B-D9301773A740}.Debug|Mixed Platforms.Build.0 = Debug|OpenZDK (ARMV4I)
		{B0875BDE-8184-4917-A28B-D9301773A740}.Debug|OpenZDK (ARMV4I).ActiveCfg = Debug|OpenZDK (ARMV4I)
		{B0875BDE-8184-4917-A28B-D9301773A740}.Debug|OpenZDK (ARMV4I).Build.0 = Debug|OpenZDK (ARMV4I)
		{B0875BDE-8184-4917-A28B-D9301773A740}.Debug|Zune.ActiveCfg = Debug|OpenZDK (ARMV4I)
		{B0875BDE-8184-4917-A28B-D9301773A740}.Release|Mixed Platforms.ActiveCfg = Release|OpenZDK (ARMV4I)
		{B0875BDE-8184-4917-A28B-D9301773A740}.Release|Mixed Platforms.Build.0 = Release|OpenZDK (ARMV4I)
		{B0875BDE-8184-4917-A28B-D9301773A740}.Release|OpenZDK (ARMV4I).ActiveCfg = Release|OpenZDK (ARMV4I)
		{B0875BDE-8184-4917-A28B-D9301773A740}.Release|OpenZDK (ARMV4I).Build.0 = Release|OpenZDK (ARMV4I)
		{B0875BDE-8184-4917-A28B-D9301773A740}.Release|Zune.ActiveCfg = Release|OpenZDK (ARMV4I)
		{D1F098E8-CCD5-4EF7-AF0A-63DBCBE37105}.Debug|Mixed Platforms.ActiveCfg = Debug|OpenZDK (ARMV4I)
		{D1F098E8-CCD5-4EF7-AF0A-63DBCBE37105}.Debug|Mixed Platforms.Build.0 = Debug|OpenZDK (ARMV4I)
		{D1F098E8-CCD5-4EF7-AF0A-63DBCBE37105}.Debug|OpenZDK (ARMV4I).ActiveCfg = Debug|OpenZDK (ARMV4I)
		{D1F098E8-CCD5-4EF7-AF0A-63DBCBE37105}.Debug|OpenZDK (ARMV4I).Build.0 = Debug|OpenZDK (ARMV4I)
		{D1F098E8-CCD5-4EF7-AF0A-63DBCBE37105}.Debug|Zune.ActiveCfg = Debug|OpenZDK (ARMV4I)
		{D1F098E8-CCD5-4EF7-AF0A-63DBCBE37105}.Release|Mixed Platforms.ActiveCfg = Release|OpenZDK (ARMV4I)
		{D1F098E8-CCD5-4EF7-AF0A-63DBCBE37105}.Release|Mixed Platforms.Build.0 = Release|OpenZDK (ARMV4I)
		{D1F098E8-CCD5-4EF7-AF0A-63DBCBE37105}.Release|OpenZDK (ARMV4I).ActiveCfg = Release|OpenZDK (ARMV4I)
		{D1F098E8-CCD5-4EF7-AF0A-63DBCBE37105}.Release|OpenZDK (ARMV4I).Build.0 = Release|OpenZDK (ARMV4I)
		{D1F098E8-CCD5-4EF7-AF0A-63DBCBE37105}.Release|Zune.ActiveCfg = Release|OpenZDK (ARMV4I)
		{2CE2259F-0A55-4A86-BE9C-2933182DA59F}.Debug|Mixed Platforms.ActiveCfg = Debug|OpenZDK (ARMV4I)
		{2CE2259F-0A55-4A86-BE9C-2933182DA59F}.Debug|Mixed Platforms.Build.0 = Debug|OpenZDK (ARMV4I)
		{2CE2259F-0A55-4A86-BE9C-2933182DA59F}.Debug|OpenZDK (ARMV4I).ActiveCfg = Debug|OpenZDK (ARMV4I)
		{2CE2259F-0A55-4A86-BE9C-2933182DA59F}.Debug|OpenZDK (ARMV4I).Build.0 = Debug|OpenZDK (ARMV4I)
		{2CE2259F-0A55-4A86-BE9C-2933182DA59F}.Debug|Zune.ActiveCfg = Debug|OpenZDK (ARMV4I)
		{2CE2259F-0A55-4A86-BE9C-2933182DA59F}.Release|Mixed Platforms.ActiveCfg = Release|OpenZDK (ARMV4I)
		{2CE2259F-0A55-4A86-BE9C-2933182DA59F}.Release|Mixed Platforms.Build.0 = Release|OpenZDK (ARMV4I)
		{2CE2259F-0A55-4A86-BE9C-2933182DA59F}.Release|OpenZDK (ARMV4I).ActiveCfg = Release|OpenZDK (ARMV4I)
		{2CE2259F-0A55-4A86-BE9C-2933182DA59F}.Release|OpenZDK (ARMV4I).Build.0 = Release|OpenZDK (ARMV4I)
		{2CE2259F-0A55-4A86-BE9C-2933182DA59F}.Release|Zune.ActiveCfg = Release|OpenZDK (ARMV4I)
		{0E575A86-225A-4B52-B6A4-6403B9381D27}.Debug|Mixed Platforms.ActiveCfg = Debug|OpenZDK (ARMV4I)
		{0E575A86-225A-4B52-B6A4-6403B9381D27}.Debug|Mixed Platforms.Build.0 = Debug|OpenZDK (ARMV4I)
		{0E575A86-225A-4B52-B6A4-6403B9381D27}.Debug|OpenZDK (ARMV4I).ActiveCfg = Debug|OpenZDK (ARMV4I)
		{0E575A86-225A-4B52-B6A4-6403B9381D27}.Debug|OpenZDK (ARMV4I).Build.0 = Debug|OpenZDK (ARMV4I)
		{0E575A86-225A-4B52-B6A4-6403B9381D27}.Debug|Zune.ActiveCfg = Debug|OpenZDK (ARMV4I)
		{0E575A86-225A-4B52-B6A4-6403B9381D27}.Release|Mixed Platforms.ActiveCfg = Release|OpenZDK (ARMV4I)
		{0E575A86-225A-4B52-B6A4-6403B9381D27}.Release|Mixed Platforms.Build.0 = Release|OpenZDK (ARMV4I)
		{0E575A86-225A-4B52-B6A4-6403B9381D27}.Release|OpenZDK (ARMV4I).ActiveCfg = Release|OpenZDK (ARMV4I)
		{0E575A86-225A-4B52-B6A4-6403B9381D27}.Release|OpenZDK (ARMV4I).Build.0 = Release|OpenZDK (ARMV4I)
		{0E575A86-225A-4B52-B6A4-6403B9381D27}.Release|Zune.ActiveCfg = Release|OpenZDK (ARMV4I)
		{5F95CDBB-5D78-4A10-8C08-C92B40938E88}.Debug|Mixed Platforms.ActiveCfg = Debug|OpenZDK (ARMV4I)
		{5F95CDBB-5D78-4A10-8C08-C92B40938E88}.Debug|Mixed Platforms.Build.0 = Debug|OpenZDK (ARMV4I)
		{5F95CDBB-5D78-4A10-8C08-C92B40938E88}.Debug|OpenZDK (ARMV4I).ActiveCfg = Debug|OpenZDK (ARMV4I)
		{5F95CDBB-5D78-4A10-8C08-C92B40938E88}.Debug|OpenZDK (ARMV4I).Build.0 = Debug|OpenZDK (ARMV4I)
		{5F95CDBB-5D78-4A10-8C08-C92B40938E88}.Debug|Zune.ActiveCfg = Debug|OpenZDK (ARMV4I)
		{5F95CDBB-5D78-4A10-8C08-C92B40938E88}.Release|Mixed Platforms.ActiveCfg = Release|OpenZDK (ARMV4I)
		{5F95CDBB-5D78-4A10-8C08-C92B40938E88}.Release|Mixed Platforms.Build.0 = Release|OpenZDK (ARMV4I)
		{5F95CDBB-5D78-4A10-8C08-C92B40938E88}.Release|OpenZDK (ARMV4I).ActiveCfg = Release|OpenZDK (ARMV4I)
		{5F95CDBB-5D78-4A10-8C08-C92B40938E88}.Release|OpenZDK (ARMV4I).Build.0 = Release|OpenZDK (ARMV4I)
		{5F95CDBB-5D78-4A10-8C08-C92B40938E88}.Release|Zune.ActiveCfg = Release|OpenZDK (ARMV4I)
		{DDE2B6D2-7C9A-4D86-9A82-7AE6C3D43A41}.Debug|Mixed Platforms.ActiveCfg = Debug|OpenZDK (ARMV4I)
		{DDE2B6D2-7C9A-4D86-9A82-7AE6C3D43A41}.Debug|Mixed Platforms.Build.0 = Debug|OpenZDK (ARMV4I)
		{DDE2B6D2-7C9A-4D86-9A82-7AE6C3D43A41}.Debug|OpenZDK (ARMV4I).ActiveCfg = Debug|OpenZDK (ARMV4I)
		{DDE2B6D2-7C9A-4D86-9A82-7AE6C3D43A41}.Debug|OpenZDK (ARMV4I).Build.0 = Debug|OpenZDK (ARMV4I)
		{DDE2B6D2-7C9A-4D86-9A82-7AE6C3D43A41}.Debug|Zune.ActiveCfg = Debug|OpenZDK (ARMV4I)
		{DDE2B6D2-7C9A-4D86-9A82-7AE6C3D43A41}.Release|Mixed Platforms.ActiveCfg = Release|OpenZDK (ARMV4I)
		{DDE2B6D2-7C9A-4D86-9A82-7AE6C3D43A41}.Release|Mixed Platforms.Build.0 = Release|OpenZDK (ARMV4I)
		{DDE2B6D2-7C9A-4D86-9A82-7AE6C3D43A41}.Release|OpenZDK (ARMV4I).ActiveCfg = Release|OpenZDK (ARMV4I)
		{DDE2B6D2-7C9A-4D86-9A82-7AE6C3D43A41}.Release|OpenZDK (ARMV4I).Build.0 = Release|OpenZDK (ARMV4I)
		{DDE2B6D2-7C9A-4D86-9A82-7AE6C3D43A41}.Release|Zune.ActiveCfg = Release|OpenZDK (ARMV4I)
		{0B3F8170-3A8D-4BD7-9D61-21BB83D98A30}.Debug|Mixed Platforms.ActiveCfg = Debug|OpenZDK (ARMV4I)
		{0B3F8170-3A8D-4BD7-9D61-21BB83D98A30}.Debug|Mixed Platforms.Build.0 = Debug|OpenZDK (ARMV4I)
		{0B3F8170-3A8D-4BD7-9D61-21BB83D98A30}.Debug|OpenZDK (ARMV4I).ActiveCfg = Debug|OpenZDK (ARMV4I)
		{0B3F8170-3A8D-4BD7-9D61-21BB83D98A30}.Debug|OpenZDK (ARMV4I).Build.0 = Debug|OpenZDK (ARMV4I)
		{0B3F8170-3A8D-4BD7-9D61-21BB83D98A30}.Debug|Zune.ActiveCfg = Debug|OpenZDK (ARMV4I)
		{0B3F8170-3A8D-4BD7-9D61-21BB83D98A30}.Release|Mixed Platforms.ActiveCfg = Release|OpenZDK (ARMV4I)
		{0B3F8170-3A8D-4BD7-9D61-21BB83D98A30}.Release|Mixed Platforms.Build.0 = Release|OpenZDK (ARMV4I)
		{0B3F8170-3A8D-4BD7-9D61-21BB83D98A30}.Release|OpenZDK (ARMV4I).ActiveCfg = Release|OpenZDK (ARMV4I)
		{0B3F8170-3A8D-4BD7-9D61-21BB83D98A30}.Release|OpenZDK (ARMV4I).Build.0 = Release|OpenZDK (ARMV4I)
		{0B3F8170-3A8D-4BD7-9D61-21BB83D98A30}.Release|Zune.ActiveCfg = Release|OpenZDK (ARMV4I)
		{3B6687A0-7264-4F80-BB54-E7A7B96F48B7}.Debug|Mixed Platforms.ActiveCfg = Debug|OpenZDK (ARMV4I)
		{3B6687A0-7264-4F80-BB54-E7A7B96F48B7}.Debug|Mixed Platforms.Build.0 = Debug|OpenZDK (ARMV4I)
		{3B6687A0-7264-4F80-BB54-E7A7B96F48B7}.Debug|OpenZDK (ARMV4I).ActiveCfg = Debug|OpenZDK (ARMV4I)
		{3B6687A0-7264-4F80-BB54-E7A7B96F48B7}.Debug|OpenZDK (ARMV4I).Build.0 = Debug|OpenZDK (ARMV4I)
		{3B6687A0-7264-4F80-BB54-E7A7B96F48B7}.Debug|Zune.ActiveCfg = Debug|OpenZDK (ARMV4I)
		{3B6687A0-7264-4F80-BB54-E7A7B96F48B7}.Release|Mixed Platforms.ActiveCfg = Release|OpenZDK (ARMV4I)
		{3B6687A0-7264-4F80-BB54-E7A7B96F48B7}.Release|Mixed Platforms.Build.0 = Release|OpenZDK (ARMV4I)
		{3B6687A0-7264-4F80-BB54-E7A7B96F48B7}.Release|OpenZDK (ARMV4I).ActiveCfg = Release|OpenZDK (ARMV4I)
		{3B6687A0-7264-4F80-BB54-E7A7B96F48B7}.Release|OpenZDK (ARMV4I).Build.0 = Release|OpenZDK (ARMV4I)
		{3B6687A0-7264-4F80-BB54-E7A7B96F48B7}.Release|Zune.ActiveCfg = Release|OpenZDK (ARMV4I)
	EndGlobalSection
	GlobalSection(SolutionProperties) = preSolution
		HideSolutionNode = FALSE
	EndGlobalSection
EndGlobal
